
Microsoft Visual Studio Solution File, Format Version 12.00
# Visual Studio 15
VisualStudioVersion = 15.0.28307.1022
MinimumVisualStudioVersion = 10.0.40219.1
Project("{FAE04EC0-301F-11D3-BF4B-00C04F79EFBC}") = "LoongEgg.LoongKeys", "LoongEgg.LoongKeys\LoongEgg.LoongKeys.csproj", "{56338E81-8C7E-45E9-AB37-0DFD6B3A9EDD}"
EndProject
Global
	GlobalSection(SolutionConfigurationPlatforms) = preSolution
		Debug|Any CPU = Debug|Any CPU
		Release|Any CPU = Release|Any CPU
	EndGlobalSection
	GlobalSection(ProjectConfigurationPlatforms) = postSolution
		{56338E81-8C7E-45E9-AB37-0DFD6B3A9EDD}.Debug|Any CPU.ActiveCfg = Debug|Any CPU
		{56338E81-8C7E-45E9-AB37-0DFD6B3A9EDD}.Debug|Any CPU.Build.0 = Debug|Any CPU
		{56338E81-8C7E-45E9-AB37-0DFD6B3A9EDD}.Release|Any CPU.ActiveCfg = Release|Any CPU
		{56338E81-8C7E-45E9-AB37-0DFD6B3A9EDD}.Release|Any CPU.Build.0 = Release|Any CPU
	EndGlobalSection
	GlobalSection(SolutionProperties) = preSolution
		HideSolutionNode = FALSE
	EndGlobalSection
	GlobalSection(ExtensibilityGlobals) = postSolution
		SolutionGuid = {AEAE7E22-4C83-4306-824C-714EC9E2009E}
	EndGlobalSection
EndGlobal
